{
  "name": "Grocery",
  "requires": true,
  "lockfileVersion": 1,
  "dependencies": {
    "vue2-filters": {
      "version": "0.7.0",
      "resolved": "https://registry.npmjs.org/vue2-filters/-/vue2-filters-0.7.0.tgz",
      "integrity": "sha512-T6d+CN8oJuRY/hlOALI+iptFmTuqNPVL5cMU56cLho487WySOxVUfKa3FqRS2aF4Pt4RgSwSN8WlN3GF07aTkw=="
    }
  }
}
