# THIS IS AN AUTOGENERATED FILE. DO NOT EDIT THIS FILE DIRECTLY.
# yarn lockfile v1


vue-confirmation-button@^1.0.1:
  version "1.0.1"
  resolved "https://registry.yarnpkg.com/vue-confirmation-button/-/vue-confirmation-button-1.0.1.tgz#e5c3c192432af3d837e36e8ab5b9994e44ddb181"
  integrity sha512-PBJCDyFNLfdfTAW8dAAfIvRPyQJfz6TlXjp9QPgCGOe4/qC2ZIOPMsaQE26Jzg10f6TjeqpDM8JQQ+rdvnxVBw==

vue2-filters@^0.7.0:
  version "0.7.0"
  resolved "https://registry.yarnpkg.com/vue2-filters/-/vue2-filters-0.7.0.tgz#76ca2b92531bd1e8a79be7afb3551aa270f103ea"
  integrity sha512-T6d+CN8oJuRY/hlOALI+iptFmTuqNPVL5cMU56cLho487WySOxVUfKa3FqRS2aF4Pt4RgSwSN8WlN3GF07aTkw==
